
Microsoft Visual Studio Solution File, Format Version 11.00
# Visual Studio 2010
Project("{FAE04EC0-301F-11D3-BF4B-00C04F79EFBC}") = "CSCI466Project-f9bb52cecdd14078ae9b42f9b404afa1339c50cb", "Assembly-CSharp.csproj", "{01F4D374-A380-76D3-FDE9-5E99EABB26A8}"
EndProject
Project("{FAE04EC0-301F-11D3-BF4B-00C04F79EFBC}") = "CSCI466Project-f9bb52cecdd14078ae9b42f9b404afa1339c50cb", "Assembly-CSharp-firstpass.csproj", "{7844A5DB-4760-1E8E-4D9A-93DDF066DB21}"
EndProject
Global
	GlobalSection(SolutionConfigurationPlatforms) = preSolution
		Debug|Any CPU = Debug|Any CPU
		Release|Any CPU = Release|Any CPU
	EndGlobalSection
	GlobalSection(ProjectConfigurationPlatforms) = postSolution
		{01F4D374-A380-76D3-FDE9-5E99EABB26A8}.Debug|Any CPU.ActiveCfg = Debug|Any CPU
		{01F4D374-A380-76D3-FDE9-5E99EABB26A8}.Debug|Any CPU.Build.0 = Debug|Any CPU
		{01F4D374-A380-76D3-FDE9-5E99EABB26A8}.Release|Any CPU.ActiveCfg = Release|Any CPU
		{01F4D374-A380-76D3-FDE9-5E99EABB26A8}.Release|Any CPU.Build.0 = Release|Any CPU
		{7844A5DB-4760-1E8E-4D9A-93DDF066DB21}.Debug|Any CPU.ActiveCfg = Debug|Any CPU
		{7844A5DB-4760-1E8E-4D9A-93DDF066DB21}.Debug|Any CPU.Build.0 = Debug|Any CPU
		{7844A5DB-4760-1E8E-4D9A-93DDF066DB21}.Release|Any CPU.ActiveCfg = Release|Any CPU
		{7844A5DB-4760-1E8E-4D9A-93DDF066DB21}.Release|Any CPU.Build.0 = Release|Any CPU
	EndGlobalSection
	GlobalSection(SolutionProperties) = preSolution
		HideSolutionNode = FALSE
	EndGlobalSection
	GlobalSection(MonoDevelopProperties) = preSolution
		StartupItem = Assembly-CSharp.csproj
	EndGlobalSection
EndGlobal
